# This file is autogenerated, do not edit; changes may be undone by the next 'dep ensure'.


[[projects]]
  digest = "1:8b259bd25c1d5197735d431d521cf701e779a8f80877982533dd165dcb584bef"
  name = "github.com/francoispqt/gojay"
  packages = ["."]
  pruneopts = "UT"
  revision = "f2cc13a668caf474b5d5806c7f1adbbe4ce28524"
  version = "1.2.7"

[[projects]]
  digest = "1:aaa8e0e7e35d92e21daed3f241832cee73d15ca1cd3302ba3843159a959a7eac"
  name = "github.com/klauspost/compress"
  packages = [
    "flate",
    "gzip",
    "zlib",
  ]
  pruneopts = "UT"
  revision = "30be6041bed523c18e269a700ebd9c2ea9328574"
  version = "v1.4.1"

[[projects]]
  digest = "1:2d643962fac133904694fffa959bc3c5dcfdcee38c6f5ffdd99a3c93eb9c835c"
  name = "github.com/klauspost/cpuid"
  packages = ["."]
  pruneopts = "UT"
  revision = "e7e905edc00ea8827e58662220139109efea09db"
  version = "v1.2.0"

[[projects]]
  digest = "1:40e195917a951a8bf867cd05de2a46aaf1806c50cf92eebf4c16f78cd196f747"
  name = "github.com/pkg/errors"
  packages = ["."]
  pruneopts = "UT"
  revision = "645ef00459ed84a119197bfb8d8205042c6df63d"
  version = "v0.8.0"

[[projects]]
  digest = "1:c468422f334a6b46a19448ad59aaffdfc0a36b08fdcc1c749a0b29b6453d7e59"
  name = "github.com/valyala/bytebufferpool"
  packages = ["."]
  pruneopts = "UT"
  revision = "e746df99fe4a3986f4d4f79e13c1e0117ce9c2f7"
  version = "v1.0.0"

[[projects]]
  digest = "1:9a5d27bf7adfecabad554b049d79bed6d6bb3785aa304d28979aefb5abd2ba6a"
  name = "github.com/valyala/fasthttp"
  packages = [
    ".",
    "fasthttpadaptor",
    "fasthttputil",
    "pprofhandler",
    "stackless",
  ]
  pruneopts = "UT"
  revision = "c88be72d77e6deede478719f77f7b83df75531e8"
  version = "v1.1.0"

[solve-meta]
  analyzer-name = "dep"
  analyzer-version = 1
  input-imports = [
    "github.com/francoispqt/gojay",
    "github.com/pkg/errors",
    "github.com/valyala/fasthttp",
    "github.com/valyala/fasthttp/pprofhandler",
  ]
  solver-name = "gps-cdcl"
  solver-version = 1
